golang.org/x/exp v0.0.0-20221019170559-20944726eadf h1:nFVjjKDgNY37+ZSYCJmtYf7tOlfQswHqplG2eosjOMg=
golang.org/x/exp v0.0.0-20221019170559-20944726eadf/go.mod h1:cyybsKvd6eL0RnXn6p/Grxp8F5bW7iYuBgsNCOHpMYE=
golang.org/x/exp v0.0.0-20221028150844-83b7d23a625f h1:Al51T6tzvuh3oiwX11vex3QgJ2XTedFPGmbEVh8cdoc=
golang.org/x/exp v0.0.0-20221028150844-83b7d23a625f/go.mod h1:CxIveKay+FTh1D0yPZemJVgC/95VzuuOLq5Qi4xnoYc=
